
Microsoft Visual Studio Solution File, Format Version 12.00
# Visual Studio Version 16
VisualStudioVersion = 16.0.30717.126
MinimumVisualStudioVersion = 10.0.40219.1
Project("{FAE04EC0-301F-11D3-BF4B-00C04F79EFBC}") = "Drinking Buddy", "Drinking Buddy.csproj", "{257A478D-5DFA-444A-9D8B-D703749AD666}"
EndProject
Global
	GlobalSection(SolutionConfigurationPlatforms) = preSolution
		Debug|Any CPU = Debug|Any CPU
		Release|Any CPU = Release|Any CPU
	EndGlobalSection
	GlobalSection(ProjectConfigurationPlatforms) = postSolution
		{257A478D-5DFA-444A-9D8B-D703749AD666}.Debug|Any CPU.ActiveCfg = Debug|Any CPU
		{257A478D-5DFA-444A-9D8B-D703749AD666}.Debug|Any CPU.Build.0 = Debug|Any CPU
		{257A478D-5DFA-444A-9D8B-D703749AD666}.Release|Any CPU.ActiveCfg = Release|Any CPU
		{257A478D-5DFA-444A-9D8B-D703749AD666}.Release|Any CPU.Build.0 = Release|Any CPU
	EndGlobalSection
	GlobalSection(SolutionProperties) = preSolution
		HideSolutionNode = FALSE
	EndGlobalSection
	GlobalSection(ExtensibilityGlobals) = postSolution
		SolutionGuid = {DAD4167D-5A28-4D6C-A31B-A95B9B3CAD68}
	EndGlobalSection
EndGlobal
